
Microsoft Visual Studio Solution File, Format Version 12.00
# Visual Studio 14
VisualStudioVersion = 14.0.25123.0
MinimumVisualStudioVersion = 10.0.40219.1
Project("{FAE04EC0-301F-11D3-BF4B-00C04F79EFBC}") = "Hearthstone", "Hearthstone\Hearthstone.csproj", "{908490B1-AF37-4038-ACEA-FDE6FCA1D966}"
EndProject
Project("{FAE04EC0-301F-11D3-BF4B-00C04F79EFBC}") = "GameIntestines", "GameIntestines\GameIntestines.csproj", "{42D27141-68C4-47CF-BF06-7E11D6746BCD}"
EndProject
Global
	GlobalSection(SolutionConfigurationPlatforms) = preSolution
		Debug|Any CPU = Debug|Any CPU
		Release|Any CPU = Release|Any CPU
	EndGlobalSection
	GlobalSection(ProjectConfigurationPlatforms) = postSolution
		{908490B1-AF37-4038-ACEA-FDE6FCA1D966}.Debug|Any CPU.ActiveCfg = Debug|Any CPU
		{908490B1-AF37-4038-ACEA-FDE6FCA1D966}.Debug|Any CPU.Build.0 = Debug|Any CPU
		{908490B1-AF37-4038-ACEA-FDE6FCA1D966}.Release|Any CPU.ActiveCfg = Release|Any CPU
		{908490B1-AF37-4038-ACEA-FDE6FCA1D966}.Release|Any CPU.Build.0 = Release|Any CPU
		{42D27141-68C4-47CF-BF06-7E11D6746BCD}.Debug|Any CPU.ActiveCfg = Debug|Any CPU
		{42D27141-68C4-47CF-BF06-7E11D6746BCD}.Debug|Any CPU.Build.0 = Debug|Any CPU
		{42D27141-68C4-47CF-BF06-7E11D6746BCD}.Release|Any CPU.ActiveCfg = Release|Any CPU
		{42D27141-68C4-47CF-BF06-7E11D6746BCD}.Release|Any CPU.Build.0 = Release|Any CPU
	EndGlobalSection
	GlobalSection(SolutionProperties) = preSolution
		HideSolutionNode = FALSE
	EndGlobalSection
EndGlobal
